
Microsoft Visual Studio Solution File, Format Version 12.00
# Visual Studio Version 17
VisualStudioVersion = 17.8.34511.84
MinimumVisualStudioVersion = 10.0.40219.1
Project("{FAE04EC0-301F-11D3-BF4B-00C04F79EFBC}") = "StringLibrary", "StringLibrary\StringLibrary.csproj", "{99C90A20-A1D8-4DB0-A355-9D75E9A9F134}"
EndProject
Project("{FAE04EC0-301F-11D3-BF4B-00C04F79EFBC}") = "ShowCase", "ShowCase\ShowCase.csproj", "{BDD014B5-208F-472E-A47C-D70F628564A8}"
EndProject
Global
	GlobalSection(SolutionConfigurationPlatforms) = preSolution
		Debug|Any CPU = Debug|Any CPU
		Release|Any CPU = Release|Any CPU
	EndGlobalSection
	GlobalSection(ProjectConfigurationPlatforms) = postSolution
		{99C90A20-A1D8-4DB0-A355-9D75E9A9F134}.Debug|Any CPU.ActiveCfg = Debug|Any CPU
		{99C90A20-A1D8-4DB0-A355-9D75E9A9F134}.Debug|Any CPU.Build.0 = Debug|Any CPU
		{99C90A20-A1D8-4DB0-A355-9D75E9A9F134}.Release|Any CPU.ActiveCfg = Release|Any CPU
		{99C90A20-A1D8-4DB0-A355-9D75E9A9F134}.Release|Any CPU.Build.0 = Release|Any CPU
		{BDD014B5-208F-472E-A47C-D70F628564A8}.Debug|Any CPU.ActiveCfg = Debug|Any CPU
		{BDD014B5-208F-472E-A47C-D70F628564A8}.Debug|Any CPU.Build.0 = Debug|Any CPU
		{BDD014B5-208F-472E-A47C-D70F628564A8}.Release|Any CPU.ActiveCfg = Release|Any CPU
		{BDD014B5-208F-472E-A47C-D70F628564A8}.Release|Any CPU.Build.0 = Release|Any CPU
	EndGlobalSection
	GlobalSection(SolutionProperties) = preSolution
		HideSolutionNode = FALSE
	EndGlobalSection
	GlobalSection(ExtensibilityGlobals) = postSolution
		SolutionGuid = {F3AC036B-0913-4D43-9AEB-A575163390D7}
	EndGlobalSection
EndGlobal
